
Microsoft Visual Studio Solution File, Format Version 12.00
# Visual Studio Version 17
VisualStudioVersion = 17.1.32228.430
MinimumVisualStudioVersion = 10.0.40219.1
Project("{9A19103F-16F7-4668-BE54-9A1E7A4F7556}") = "PokeDex.WpfApp", "Pokemon.WpfApp\PokeDex.WpfApp.csproj", "{B539A027-BB27-453C-8885-3EDCDE90E8DC}"
EndProject
Project("{9A19103F-16F7-4668-BE54-9A1E7A4F7556}") = "PokeApi", "PokeApi\PokeApi.csproj", "{ACBC3740-A07F-4F00-97D5-F576FCE20DF4}"
	ProjectSection(ProjectDependencies) = postProject
		{3F38CE41-00C9-46FF-B425-B6BC3484F366} = {3F38CE41-00C9-46FF-B425-B6BC3484F366}
	EndProjectSection
EndProject
Project("{9A19103F-16F7-4668-BE54-9A1E7A4F7556}") = "CsvManagerCommon", "CsvManager\CsvManagerCommon.csproj", "{3F38CE41-00C9-46FF-B425-B6BC3484F366}"
EndProject
Project("{9A19103F-16F7-4668-BE54-9A1E7A4F7556}") = "Common", "Common\Common.csproj", "{F42B7B2B-21DA-4B32-BF0F-204FA1296937}"
EndProject
Global
	GlobalSection(SolutionConfigurationPlatforms) = preSolution
		Debug|Any CPU = Debug|Any CPU
		Release|Any CPU = Release|Any CPU
	EndGlobalSection
	GlobalSection(ProjectConfigurationPlatforms) = postSolution
		{B539A027-BB27-453C-8885-3EDCDE90E8DC}.Debug|Any CPU.ActiveCfg = Debug|Any CPU
		{B539A027-BB27-453C-8885-3EDCDE90E8DC}.Debug|Any CPU.Build.0 = Debug|Any CPU
		{B539A027-BB27-453C-8885-3EDCDE90E8DC}.Release|Any CPU.ActiveCfg = Release|Any CPU
		{B539A027-BB27-453C-8885-3EDCDE90E8DC}.Release|Any CPU.Build.0 = Release|Any CPU
		{ACBC3740-A07F-4F00-97D5-F576FCE20DF4}.Debug|Any CPU.ActiveCfg = Debug|Any CPU
		{ACBC3740-A07F-4F00-97D5-F576FCE20DF4}.Debug|Any CPU.Build.0 = Debug|Any CPU
		{ACBC3740-A07F-4F00-97D5-F576FCE20DF4}.Release|Any CPU.ActiveCfg = Release|Any CPU
		{ACBC3740-A07F-4F00-97D5-F576FCE20DF4}.Release|Any CPU.Build.0 = Release|Any CPU
		{3F38CE41-00C9-46FF-B425-B6BC3484F366}.Debug|Any CPU.ActiveCfg = Debug|Any CPU
		{3F38CE41-00C9-46FF-B425-B6BC3484F366}.Debug|Any CPU.Build.0 = Debug|Any CPU
		{3F38CE41-00C9-46FF-B425-B6BC3484F366}.Release|Any CPU.ActiveCfg = Release|Any CPU
		{3F38CE41-00C9-46FF-B425-B6BC3484F366}.Release|Any CPU.Build.0 = Release|Any CPU
		{F42B7B2B-21DA-4B32-BF0F-204FA1296937}.Debug|Any CPU.ActiveCfg = Debug|Any CPU
		{F42B7B2B-21DA-4B32-BF0F-204FA1296937}.Debug|Any CPU.Build.0 = Debug|Any CPU
		{F42B7B2B-21DA-4B32-BF0F-204FA1296937}.Release|Any CPU.ActiveCfg = Release|Any CPU
		{F42B7B2B-21DA-4B32-BF0F-204FA1296937}.Release|Any CPU.Build.0 = Release|Any CPU
	EndGlobalSection
	GlobalSection(SolutionProperties) = preSolution
		HideSolutionNode = FALSE
	EndGlobalSection
	GlobalSection(ExtensibilityGlobals) = postSolution
		SolutionGuid = {13BDF6B3-6218-4C4B-A7CB-D31EF6A1E943}
	EndGlobalSection
EndGlobal
